// !$*UTF8*$!
{
	archiveVersion = 1;
	classes = {
	};
	objectVersion = 50;
	objects = {

/* Begin PBXBuildFile section */
		CB045EB42497C740003AA058 /* AppDelegate.swift in Sources */ = {isa = PBXBuildFile; fileRef = CB045EB32497C740003AA058 /* AppDelegate.swift */; };
		CB045EB62497C740003AA058 /* SceneDelegate.swift in Sources */ = {isa = PBXBuildFile; fileRef = CB045EB52497C740003AA058 /* SceneDelegate.swift */; };
		CB045EBD2497C741003AA058 /* Assets.xcassets in Resources */ = {isa = PBXBuildFile; fileRef = CB045EBC2497C741003AA058 /* Assets.xcassets */; };
		CB045EC02497C741003AA058 /* LaunchScreen.storyboard in Resources */ = {isa = PBXBuildFile; fileRef = CB045EBE2497C741003AA058 /* LaunchScreen.storyboard */; };
		CB045ECA2497C86D003AA058 /* SessionType.swift in Sources */ = {isa = PBXBuildFile; fileRef = CB045EC92497C86D003AA058 /* SessionType.swift */; };
		CB045ECD2497C8DE003AA058 /* BaseRouter.swift in Sources */ = {isa = PBXBuildFile; fileRef = CB045ECC2497C8DE003AA058 /* BaseRouter.swift */; };
		CB045ECF2497C8FF003AA058 /* BaseView.swift in Sources */ = {isa = PBXBuildFile; fileRef = CB045ECE2497C8FF003AA058 /* BaseView.swift */; };
		CB045ED12497C91B003AA058 /* ViewModelType.swift in Sources */ = {isa = PBXBuildFile; fileRef = CB045ED02497C91B003AA058 /* ViewModelType.swift */; };
		CB045ED32497C92F003AA058 /* BaseViewModel.swift in Sources */ = {isa = PBXBuildFile; fileRef = CB045ED22497C92F003AA058 /* BaseViewModel.swift */; };
		CB045ED62497CA6E003AA058 /* AppRouterProtocol.swift in Sources */ = {isa = PBXBuildFile; fileRef = CB045ED52497CA6E003AA058 /* AppRouterProtocol.swift */; };
		CB045ED82497CA8B003AA058 /* AppRouter.swift in Sources */ = {isa = PBXBuildFile; fileRef = CB045ED72497CA8B003AA058 /* AppRouter.swift */; };
		CB045EDA2497CB56003AA058 /* DummySession.swift in Sources */ = {isa = PBXBuildFile; fileRef = CB045ED92497CB56003AA058 /* DummySession.swift */; };
		CB045EE92497CF6F003AA058 /* RootRouter.swift in Sources */ = {isa = PBXBuildFile; fileRef = CB045EE82497CF6F003AA058 /* RootRouter.swift */; };
		CB045EEB2497CF78003AA058 /* RootRoutable.swift in Sources */ = {isa = PBXBuildFile; fileRef = CB045EEA2497CF78003AA058 /* RootRoutable.swift */; };
		CB045EED2497CF80003AA058 /* RootView.swift in Sources */ = {isa = PBXBuildFile; fileRef = CB045EEC2497CF80003AA058 /* RootView.swift */; };
		CB045EEF2497CF89003AA058 /* RootView.storyboard in Resources */ = {isa = PBXBuildFile; fileRef = CB045EEE2497CF89003AA058 /* RootView.storyboard */; };
		CB045EF12497CF94003AA058 /* RootViewModelProtocol.swift in Sources */ = {isa = PBXBuildFile; fileRef = CB045EF02497CF94003AA058 /* RootViewModelProtocol.swift */; };
		CB045EF32497CFA1003AA058 /* RootViewModel.swift in Sources */ = {isa = PBXBuildFile; fileRef = CB045EF22497CFA1003AA058 /* RootViewModel.swift */; };
		CB045EF52497D183003AA058 /* LoginRouter.swift in Sources */ = {isa = PBXBuildFile; fileRef = CB045EF42497D183003AA058 /* LoginRouter.swift */; };
		CB045EF72497D189003AA058 /* LoginRoutable.swift in Sources */ = {isa = PBXBuildFile; fileRef = CB045EF62497D189003AA058 /* LoginRoutable.swift */; };
		CB045EF92497D190003AA058 /* LoginView.swift in Sources */ = {isa = PBXBuildFile; fileRef = CB045EF82497D190003AA058 /* LoginView.swift */; };
		CB045EFB2497D196003AA058 /* LoginView.storyboard in Resources */ = {isa = PBXBuildFile; fileRef = CB045EFA2497D196003AA058 /* LoginView.storyboard */; };
		CB045EFD2497D1A1003AA058 /* LoginViewModelProtocol.swift in Sources */ = {isa = PBXBuildFile; fileRef = CB045EFC2497D1A1003AA058 /* LoginViewModelProtocol.swift */; };
		CB045EFF2497D1A9003AA058 /* LoginViewModel.swift in Sources */ = {isa = PBXBuildFile; fileRef = CB045EFE2497D1A9003AA058 /* LoginViewModel.swift */; };
		CB045F032497DE61003AA058 /* SceneAppRouter.swift in Sources */ = {isa = PBXBuildFile; fileRef = CB045F022497DE61003AA058 /* SceneAppRouter.swift */; };
		CB045F1924981760003AA058 /* RootRoutableTests.swift in Sources */ = {isa = PBXBuildFile; fileRef = CB045F1824981760003AA058 /* RootRoutableTests.swift */; };
		CB045F1E2498179A003AA058 /* SessionStub.swift in Sources */ = {isa = PBXBuildFile; fileRef = CB045F1D2498179A003AA058 /* SessionStub.swift */; };
		CB045F2024981BA1003AA058 /* LoginRoutableTests.swift in Sources */ = {isa = PBXBuildFile; fileRef = CB045F1F24981BA1003AA058 /* LoginRoutableTests.swift */; };
/* End PBXBuildFile section */

/* Begin PBXContainerItemProxy section */
		CB045F0F2497E25B003AA058 /* PBXContainerItemProxy */ = {
			isa = PBXContainerItemProxy;
			containerPortal = CB045EA82497C740003AA058 /* Project object */;
			proxyType = 1;
			remoteGlobalIDString = CB045EAF2497C740003AA058;
			remoteInfo = "mvvm-base";
		};
/* End PBXContainerItemProxy section */

/* Begin PBXFileReference section */
		CB045EB02497C740003AA058 /* mvvm-base.app */ = {isa = PBXFileReference; explicitFileType = wrapper.application; includeInIndex = 0; path = "mvvm-base.app"; sourceTree = BUILT_PRODUCTS_DIR; };
		CB045EB32497C740003AA058 /* AppDelegate.swift */ = {isa = PBXFileReference; lastKnownFileType = sourcecode.swift; path = AppDelegate.swift; sourceTree = "<group>"; };
		CB045EB52497C740003AA058 /* SceneDelegate.swift */ = {isa = PBXFileReference; lastKnownFileType = sourcecode.swift; path = SceneDelegate.swift; sourceTree = "<group>"; };
		CB045EBC2497C741003AA058 /* Assets.xcassets */ = {isa = PBXFileReference; lastKnownFileType = folder.assetcatalog; path = Assets.xcassets; sourceTree = "<group>"; };
		CB045EBF2497C741003AA058 /* Base */ = {isa = PBXFileReference; lastKnownFileType = file.storyboard; name = Base; path = Base.lproj/LaunchScreen.storyboard; sourceTree = "<group>"; };
		CB045EC12497C741003AA058 /* Info.plist */ = {isa = PBXFileReference; lastKnownFileType = text.plist.xml; path = Info.plist; sourceTree = "<group>"; };
		CB045EC92497C86D003AA058 /* SessionType.swift */ = {isa = PBXFileReference; lastKnownFileType = sourcecode.swift; path = SessionType.swift; sourceTree = "<group>"; };
		CB045ECC2497C8DE003AA058 /* BaseRouter.swift */ = {isa = PBXFileReference; lastKnownFileType = sourcecode.swift; path = BaseRouter.swift; sourceTree = "<group>"; };
		CB045ECE2497C8FF003AA058 /* BaseView.swift */ = {isa = PBXFileReference; lastKnownFileType = sourcecode.swift; path = BaseView.swift; sourceTree = "<group>"; };
		CB045ED02497C91B003AA058 /* ViewModelType.swift */ = {isa = PBXFileReference; lastKnownFileType = sourcecode.swift; path = ViewModelType.swift; sourceTree = "<group>"; };
		CB045ED22497C92F003AA058 /* BaseViewModel.swift */ = {isa = PBXFileReference; lastKnownFileType = sourcecode.swift; path = BaseViewModel.swift; sourceTree = "<group>"; };
		CB045ED52497CA6E003AA058 /* AppRouterProtocol.swift */ = {isa = PBXFileReference; lastKnownFileType = sourcecode.swift; path = AppRouterProtocol.swift; sourceTree = "<group>"; };
		CB045ED72497CA8B003AA058 /* AppRouter.swift */ = {isa = PBXFileReference; lastKnownFileType = sourcecode.swift; path = AppRouter.swift; sourceTree = "<group>"; };
		CB045ED92497CB56003AA058 /* DummySession.swift */ = {isa = PBXFileReference; lastKnownFileType = sourcecode.swift; path = DummySession.swift; sourceTree = "<group>"; };
		CB045EE82497CF6F003AA058 /* RootRouter.swift */ = {isa = PBXFileReference; lastKnownFileType = sourcecode.swift; path = RootRouter.swift; sourceTree = "<group>"; };
		CB045EEA2497CF78003AA058 /* RootRoutable.swift */ = {isa = PBXFileReference; lastKnownFileType = sourcecode.swift; path = RootRoutable.swift; sourceTree = "<group>"; };
		CB045EEC2497CF80003AA058 /* RootView.swift */ = {isa = PBXFileReference; lastKnownFileType = sourcecode.swift; path = RootView.swift; sourceTree = "<group>"; };
		CB045EEE2497CF89003AA058 /* RootView.storyboard */ = {isa = PBXFileReference; lastKnownFileType = file.storyboard; path = RootView.storyboard; sourceTree = "<group>"; };
		CB045EF02497CF94003AA058 /* RootViewModelProtocol.swift */ = {isa = PBXFileReference; lastKnownFileType = sourcecode.swift; path = RootViewModelProtocol.swift; sourceTree = "<group>"; };
		CB045EF22497CFA1003AA058 /* RootViewModel.swift */ = {isa = PBXFileReference; lastKnownFileType = sourcecode.swift; path = RootViewModel.swift; sourceTree = "<group>"; };
		CB045EF42497D183003AA058 /* LoginRouter.swift */ = {isa = PBXFileReference; lastKnownFileType = sourcecode.swift; path = LoginRouter.swift; sourceTree = "<group>"; };
		CB045EF62497D189003AA058 /* LoginRoutable.swift */ = {isa = PBXFileReference; lastKnownFileType = sourcecode.swift; path = LoginRoutable.swift; sourceTree = "<group>"; };
		CB045EF82497D190003AA058 /* LoginView.swift */ = {isa = PBXFileReference; lastKnownFileType = sourcecode.swift; path = LoginView.swift; sourceTree = "<group>"; };
		CB045EFA2497D196003AA058 /* LoginView.storyboard */ = {isa = PBXFileReference; lastKnownFileType = file.storyboard; path = LoginView.storyboard; sourceTree = "<group>"; };
		CB045EFC2497D1A1003AA058 /* LoginViewModelProtocol.swift */ = {isa = PBXFileReference; lastKnownFileType = sourcecode.swift; path = LoginViewModelProtocol.swift; sourceTree = "<group>"; };
		CB045EFE2497D1A9003AA058 /* LoginViewModel.swift */ = {isa = PBXFileReference; lastKnownFileType = sourcecode.swift; path = LoginViewModel.swift; sourceTree = "<group>"; };
		CB045F022497DE61003AA058 /* SceneAppRouter.swift */ = {isa = PBXFileReference; lastKnownFileType = sourcecode.swift; path = SceneAppRouter.swift; sourceTree = "<group>"; };
		CB045F0A2497E25B003AA058 /* mvvm-base-tests.xctest */ = {isa = PBXFileReference; explicitFileType = wrapper.cfbundle; includeInIndex = 0; path = "mvvm-base-tests.xctest"; sourceTree = BUILT_PRODUCTS_DIR; };
		CB045F0E2497E25B003AA058 /* Info.plist */ = {isa = PBXFileReference; lastKnownFileType = text.plist.xml; path = Info.plist; sourceTree = "<group>"; };
		CB045F1824981760003AA058 /* RootRoutableTests.swift */ = {isa = PBXFileReference; lastKnownFileType = sourcecode.swift; path = RootRoutableTests.swift; sourceTree = "<group>"; };
		CB045F1D2498179A003AA058 /* SessionStub.swift */ = {isa = PBXFileReference; lastKnownFileType = sourcecode.swift; path = SessionStub.swift; sourceTree = "<group>"; };
		CB045F1F24981BA1003AA058 /* LoginRoutableTests.swift */ = {isa = PBXFileReference; lastKnownFileType = sourcecode.swift; path = LoginRoutableTests.swift; sourceTree = "<group>"; };
/* End PBXFileReference section */

/* Begin PBXFrameworksBuildPhase section */
		CB045EAD2497C740003AA058 /* Frameworks */ = {
			isa = PBXFrameworksBuildPhase;
			buildActionMask = 2147483647;
			files = (
			);
			runOnlyForDeploymentPostprocessing = 0;
		};
		CB045F072497E25B003AA058 /* Frameworks */ = {
			isa = PBXFrameworksBuildPhase;
			buildActionMask = 2147483647;
			files = (
			);
			runOnlyForDeploymentPostprocessing = 0;
		};
/* End PBXFrameworksBuildPhase section */

/* Begin PBXGroup section */
		CB045EA72497C740003AA058 = {
			isa = PBXGroup;
			children = (
				CB045EB22497C740003AA058 /* mvvm-base */,
				CB045F0B2497E25B003AA058 /* mvvm-base-tests */,
				CB045EB12497C740003AA058 /* Products */,
			);
			sourceTree = "<group>";
		};
		CB045EB12497C740003AA058 /* Products */ = {
			isa = PBXGroup;
			children = (
				CB045EB02497C740003AA058 /* mvvm-base.app */,
				CB045F0A2497E25B003AA058 /* mvvm-base-tests.xctest */,
			);
			name = Products;
			sourceTree = "<group>";
		};
		CB045EB22497C740003AA058 /* mvvm-base */ = {
			isa = PBXGroup;
			children = (
				CB045EC72497C7AC003AA058 /* App */,
				CB045EDB2497CCBE003AA058 /* UI */,
				CB045F042497E141003AA058 /* Resource */,
				CB045EC12497C741003AA058 /* Info.plist */,
			);
			path = "mvvm-base";
			sourceTree = "<group>";
		};
		CB045EC72497C7AC003AA058 /* App */ = {
			isa = PBXGroup;
			children = (
				CB045EB32497C740003AA058 /* AppDelegate.swift */,
				CB045EB52497C740003AA058 /* SceneDelegate.swift */,
				CB045EC82497C864003AA058 /* Core */,
				CB045ECB2497C875003AA058 /* Base */,
				CB045ED42497CA5F003AA058 /* Router */,
			);
			path = App;
			sourceTree = "<group>";
		};
		CB045EC82497C864003AA058 /* Core */ = {
			isa = PBXGroup;
			children = (
				CB045EC92497C86D003AA058 /* SessionType.swift */,
				CB045ED92497CB56003AA058 /* DummySession.swift */,
			);
			path = Core;
			sourceTree = "<group>";
		};
		CB045ECB2497C875003AA058 /* Base */ = {
			isa = PBXGroup;
			children = (
				CB045ECC2497C8DE003AA058 /* BaseRouter.swift */,
				CB045ECE2497C8FF003AA058 /* BaseView.swift */,
				CB045ED22497C92F003AA058 /* BaseViewModel.swift */,
				CB045ED02497C91B003AA058 /* ViewModelType.swift */,
			);
			path = Base;
			sourceTree = "<group>";
		};
		CB045ED42497CA5F003AA058 /* Router */ = {
			isa = PBXGroup;
			children = (
				CB045ED52497CA6E003AA058 /* AppRouterProtocol.swift */,
				CB045ED72497CA8B003AA058 /* AppRouter.swift */,
				CB045F022497DE61003AA058 /* SceneAppRouter.swift */,
			);
			path = Router;
			sourceTree = "<group>";
		};
		CB045EDB2497CCBE003AA058 /* UI */ = {
			isa = PBXGroup;
			children = (
				CB045F052497E162003AA058 /* LaunchScreen */,
				CB045EE42497CF4E003AA058 /* Root */,
				CB045EDC2497CCFC003AA058 /* Login */,
			);
			path = UI;
			sourceTree = "<group>";
		};
		CB045EDC2497CCFC003AA058 /* Login */ = {
			isa = PBXGroup;
			children = (
				CB045EDE2497CEF3003AA058 /* Router */,
				CB045EDF2497CEFF003AA058 /* View */,
				CB045EE02497CF09003AA058 /* ViewModel */,
			);
			path = Login;
			sourceTree = "<group>";
		};
		CB045EDE2497CEF3003AA058 /* Router */ = {
			isa = PBXGroup;
			children = (
				CB045EF42497D183003AA058 /* LoginRouter.swift */,
				CB045EF62497D189003AA058 /* LoginRoutable.swift */,
			);
			path = Router;
			sourceTree = "<group>";
		};
		CB045EDF2497CEFF003AA058 /* View */ = {
			isa = PBXGroup;
			children = (
				CB045EF82497D190003AA058 /* LoginView.swift */,
				CB045EFA2497D196003AA058 /* LoginView.storyboard */,
			);
			path = View;
			sourceTree = "<group>";
		};
		CB045EE02497CF09003AA058 /* ViewModel */ = {
			isa = PBXGroup;
			children = (
				CB045EFC2497D1A1003AA058 /* LoginViewModelProtocol.swift */,
				CB045EFE2497D1A9003AA058 /* LoginViewModel.swift */,
			);
			path = ViewModel;
			sourceTree = "<group>";
		};
		CB045EE42497CF4E003AA058 /* Root */ = {
			isa = PBXGroup;
			children = (
				CB045EE72497CF5B003AA058 /* Router */,
				CB045EE62497CF57003AA058 /* View */,
				CB045EE52497CF54003AA058 /* ViewModel */,
			);
			path = Root;
			sourceTree = "<group>";
		};
		CB045EE52497CF54003AA058 /* ViewModel */ = {
			isa = PBXGroup;
			children = (
				CB045EF02497CF94003AA058 /* RootViewModelProtocol.swift */,
				CB045EF22497CFA1003AA058 /* RootViewModel.swift */,
			);
			path = ViewModel;
			sourceTree = "<group>";
		};
		CB045EE62497CF57003AA058 /* View */ = {
			isa = PBXGroup;
			children = (
				CB045EEC2497CF80003AA058 /* RootView.swift */,
				CB045EEE2497CF89003AA058 /* RootView.storyboard */,
			);
			path = View;
			sourceTree = "<group>";
		};
		CB045EE72497CF5B003AA058 /* Router */ = {
			isa = PBXGroup;
			children = (
				CB045EE82497CF6F003AA058 /* RootRouter.swift */,
				CB045EEA2497CF78003AA058 /* RootRoutable.swift */,
			);
			path = Router;
			sourceTree = "<group>";
		};
		CB045F042497E141003AA058 /* Resource */ = {
			isa = PBXGroup;
			children = (
				CB045EBC2497C741003AA058 /* Assets.xcassets */,
			);
			path = Resource;
			sourceTree = "<group>";
		};
		CB045F052497E162003AA058 /* LaunchScreen */ = {
			isa = PBXGroup;
			children = (
				CB045EBE2497C741003AA058 /* LaunchScreen.storyboard */,
			);
			path = LaunchScreen;
			sourceTree = "<group>";
		};
		CB045F0B2497E25B003AA058 /* mvvm-base-tests */ = {
			isa = PBXGroup;
			children = (
				CB045F1A24981784003AA058 /* Doubles */,
				CB045F16249816C4003AA058 /* Unit */,
				CB045F0E2497E25B003AA058 /* Info.plist */,
			);
			path = "mvvm-base-tests";
			sourceTree = "<group>";
		};
		CB045F16249816C4003AA058 /* Unit */ = {
			isa = PBXGroup;
			children = (
				CB045F17249816FA003AA058 /* Routable */,
			);
			path = Unit;
			sourceTree = "<group>";
		};
		CB045F17249816FA003AA058 /* Routable */ = {
			isa = PBXGroup;
			children = (
				CB045F1824981760003AA058 /* RootRoutableTests.swift */,
				CB045F1F24981BA1003AA058 /* LoginRoutableTests.swift */,
			);
			path = Routable;
			sourceTree = "<group>";
		};
		CB045F1A24981784003AA058 /* Doubles */ = {
			isa = PBXGroup;
			children = (
				CB045F1B2498178C003AA058 /* Sesssion */,
			);
			path = Doubles;
			sourceTree = "<group>";
		};
		CB045F1B2498178C003AA058 /* Sesssion */ = {
			isa = PBXGroup;
			children = (
				CB045F1D2498179A003AA058 /* SessionStub.swift */,
			);
			path = Sesssion;
			sourceTree = "<group>";
		};
/* End PBXGroup section */

/* Begin PBXNativeTarget section */
		CB045EAF2497C740003AA058 /* mvvm-base */ = {
			isa = PBXNativeTarget;
			buildConfigurationList = CB045EC42497C741003AA058 /* Build configuration list for PBXNativeTarget "mvvm-base" */;
			buildPhases = (
				CB045EAC2497C740003AA058 /* Sources */,
				CB045EAD2497C740003AA058 /* Frameworks */,
				CB045EAE2497C740003AA058 /* Resources */,
			);
			buildRules = (
			);
			dependencies = (
			);
			name = "mvvm-base";
			productName = "mvvm-base";
			productReference = CB045EB02497C740003AA058 /* mvvm-base.app */;
			productType = "com.apple.product-type.application";
		};
		CB045F092497E25B003AA058 /* mvvm-base-tests */ = {
			isa = PBXNativeTarget;
			buildConfigurationList = CB045F112497E25B003AA058 /* Build configuration list for PBXNativeTarget "mvvm-base-tests" */;
			buildPhases = (
				CB045F062497E25B003AA058 /* Sources */,
				CB045F072497E25B003AA058 /* Frameworks */,
				CB045F082497E25B003AA058 /* Resources */,
			);
			buildRules = (
			);
			dependencies = (
				CB045F102497E25B003AA058 /* PBXTargetDependency */,
			);
			name = "mvvm-base-tests";
			productName = "mvvm-base-tests";
			productReference = CB045F0A2497E25B003AA058 /* mvvm-base-tests.xctest */;
			productType = "com.apple.product-type.bundle.unit-test";
		};
/* End PBXNativeTarget section */

/* Begin PBXProject section */
		CB045EA82497C740003AA058 /* Project object */ = {
			isa = PBXProject;
			attributes = {
				LastSwiftUpdateCheck = 1130;
				LastUpgradeCheck = 1130;
				ORGANIZATIONNAME = "Alexander Tereshkov";
				TargetAttributes = {
					CB045EAF2497C740003AA058 = {
						CreatedOnToolsVersion = 11.3.1;
					};
					CB045F092497E25B003AA058 = {
						CreatedOnToolsVersion = 11.3.1;
						LastSwiftMigration = 1130;
						TestTargetID = CB045EAF2497C740003AA058;
					};
				};
			};
			buildConfigurationList = CB045EAB2497C740003AA058 /* Build configuration list for PBXProject "mvvm-base" */;
			compatibilityVersion = "Xcode 9.3";
			developmentRegion = en;
			hasScannedForEncodings = 0;
			knownRegions = (
				en,
				Base,
			);
			mainGroup = CB045EA72497C740003AA058;
			productRefGroup = CB045EB12497C740003AA058 /* Products */;
			projectDirPath = "";
			projectRoot = "";
			targets = (
				CB045EAF2497C740003AA058 /* mvvm-base */,
				CB045F092497E25B003AA058 /* mvvm-base-tests */,
			);
		};
/* End PBXProject section */

/* Begin PBXResourcesBuildPhase section */
		CB045EAE2497C740003AA058 /* Resources */ = {
			isa = PBXResourcesBuildPhase;
			buildActionMask = 2147483647;
			files = (
				CB045EEF2497CF89003AA058 /* RootView.storyboard in Resources */,
				CB045EC02497C741003AA058 /* LaunchScreen.storyboard in Resources */,
				CB045EBD2497C741003AA058 /* Assets.xcassets in Resources */,
				CB045EFB2497D196003AA058 /* LoginView.storyboard in Resources */,
			);
			runOnlyForDeploymentPostprocessing = 0;
		};
		CB045F082497E25B003AA058 /* Resources */ = {
			isa = PBXResourcesBuildPhase;
			buildActionMask = 2147483647;
			files = (
			);
			runOnlyForDeploymentPostprocessing = 0;
		};
/* End PBXResourcesBuildPhase section */

/* Begin PBXSourcesBuildPhase section */
		CB045EAC2497C740003AA058 /* Sources */ = {
			isa = PBXSourcesBuildPhase;
			buildActionMask = 2147483647;
			files = (
				CB045EF12497CF94003AA058 /* RootViewModelProtocol.swift in Sources */,
				CB045EFD2497D1A1003AA058 /* LoginViewModelProtocol.swift in Sources */,
				CB045EF72497D189003AA058 /* LoginRoutable.swift in Sources */,
				CB045EB42497C740003AA058 /* AppDelegate.swift in Sources */,
				CB045ECD2497C8DE003AA058 /* BaseRouter.swift in Sources */,
				CB045ECF2497C8FF003AA058 /* BaseView.swift in Sources */,
				CB045ED62497CA6E003AA058 /* AppRouterProtocol.swift in Sources */,
				CB045F032497DE61003AA058 /* SceneAppRouter.swift in Sources */,
				CB045ECA2497C86D003AA058 /* SessionType.swift in Sources */,
				CB045EFF2497D1A9003AA058 /* LoginViewModel.swift in Sources */,
				CB045EF52497D183003AA058 /* LoginRouter.swift in Sources */,
				CB045ED32497C92F003AA058 /* BaseViewModel.swift in Sources */,
				CB045EB62497C740003AA058 /* SceneDelegate.swift in Sources */,
				CB045EEB2497CF78003AA058 /* RootRoutable.swift in Sources */,
				CB045ED82497CA8B003AA058 /* AppRouter.swift in Sources */,
				CB045EF92497D190003AA058 /* LoginView.swift in Sources */,
				CB045EF32497CFA1003AA058 /* RootViewModel.swift in Sources */,
				CB045EED2497CF80003AA058 /* RootView.swift in Sources */,
				CB045EE92497CF6F003AA058 /* RootRouter.swift in Sources */,
				CB045EDA2497CB56003AA058 /* DummySession.swift in Sources */,
				CB045ED12497C91B003AA058 /* ViewModelType.swift in Sources */,
			);
			runOnlyForDeploymentPostprocessing = 0;
		};
		CB045F062497E25B003AA058 /* Sources */ = {
			isa = PBXSourcesBuildPhase;
			buildActionMask = 2147483647;
			files = (
				CB045F1E2498179A003AA058 /* SessionStub.swift in Sources */,
				CB045F2024981BA1003AA058 /* LoginRoutableTests.swift in Sources */,
				CB045F1924981760003AA058 /* RootRoutableTests.swift in Sources */,
			);
			runOnlyForDeploymentPostprocessing = 0;
		};
/* End PBXSourcesBuildPhase section */

/* Begin PBXTargetDependency section */
		CB045F102497E25B003AA058 /* PBXTargetDependency */ = {
			isa = PBXTargetDependency;
			target = CB045EAF2497C740003AA058 /* mvvm-base */;
			targetProxy = CB045F0F2497E25B003AA058 /* PBXContainerItemProxy */;
		};
/* End PBXTargetDependency section */

/* Begin PBXVariantGroup section */
		CB045EBE2497C741003AA058 /* LaunchScreen.storyboard */ = {
			isa = PBXVariantGroup;
			children = (
				CB045EBF2497C741003AA058 /* Base */,
			);
			name = LaunchScreen.storyboard;
			sourceTree = "<group>";
		};
/* End PBXVariantGroup section */

/* Begin XCBuildConfiguration section */
		CB045EC22497C741003AA058 /* Debug */ = {
			isa = XCBuildConfiguration;
			buildSettings = {
				ALWAYS_SEARCH_USER_PATHS = NO;
				CLANG_ANALYZER_NONNULL = YES;
				CLANG_ANALYZER_NUMBER_OBJECT_CONVERSION = YES_AGGRESSIVE;
				CLANG_CXX_LANGUAGE_STANDARD = "gnu++14";
				CLANG_CXX_LIBRARY = "libc++";
				CLANG_ENABLE_MODULES = YES;
				CLANG_ENABLE_OBJC_ARC = YES;
				CLANG_ENABLE_OBJC_WEAK = YES;
				CLANG_WARN_BLOCK_CAPTURE_AUTORELEASING = YES;
				CLANG_WARN_BOOL_CONVERSION = YES;
				CLANG_WARN_COMMA = YES;
				CLANG_WARN_CONSTANT_CONVERSION = YES;
				CLANG_WARN_DEPRECATED_OBJC_IMPLEMENTATIONS = YES;
				CLANG_WARN_DIRECT_OBJC_ISA_USAGE = YES_ERROR;
				CLANG_WARN_DOCUMENTATION_COMMENTS = YES;
				CLANG_WARN_EMPTY_BODY = YES;
				CLANG_WARN_ENUM_CONVERSION = YES;
				CLANG_WARN_INFINITE_RECURSION = YES;
				CLANG_WARN_INT_CONVERSION = YES;
				CLANG_WARN_NON_LITERAL_NULL_CONVERSION = YES;
				CLANG_WARN_OBJC_IMPLICIT_RETAIN_SELF = YES;
				CLANG_WARN_OBJC_LITERAL_CONVERSION = YES;
				CLANG_WARN_OBJC_ROOT_CLASS = YES_ERROR;
				CLANG_WARN_RANGE_LOOP_ANALYSIS = YES;
				CLANG_WARN_STRICT_PROTOTYPES = YES;
				CLANG_WARN_SUSPICIOUS_MOVE = YES;
				CLANG_WARN_UNGUARDED_AVAILABILITY = YES_AGGRESSIVE;
				CLANG_WARN_UNREACHABLE_CODE = YES;
				CLANG_WARN__DUPLICATE_METHOD_MATCH = YES;
				COPY_PHASE_STRIP = NO;
				DEBUG_INFORMATION_FORMAT = dwarf;
				ENABLE_STRICT_OBJC_MSGSEND = YES;
				ENABLE_TESTABILITY = YES;
				GCC_C_LANGUAGE_STANDARD = gnu11;
				GCC_DYNAMIC_NO_PIC = NO;
				GCC_NO_COMMON_BLOCKS = YES;
				GCC_OPTIMIZATION_LEVEL = 0;
				GCC_PREPROCESSOR_DEFINITIONS = (
					"DEBUG=1",
					"$(inherited)",
				);
				GCC_WARN_64_TO_32_BIT_CONVERSION = YES;
				GCC_WARN_ABOUT_RETURN_TYPE = YES_ERROR;
				GCC_WARN_UNDECLARED_SELECTOR = YES;
				GCC_WARN_UNINITIALIZED_AUTOS = YES_AGGRESSIVE;
				GCC_WARN_UNUSED_FUNCTION = YES;
				GCC_WARN_UNUSED_VARIABLE = YES;
				IPHONEOS_DEPLOYMENT_TARGET = 13.2;
				MTL_ENABLE_DEBUG_INFO = INCLUDE_SOURCE;
				MTL_FAST_MATH = YES;
				ONLY_ACTIVE_ARCH = YES;
				SDKROOT = iphoneos;
				SWIFT_ACTIVE_COMPILATION_CONDITIONS = DEBUG;
				SWIFT_OPTIMIZATION_LEVEL = "-Onone";
			};
			name = Debug;
		};
		CB045EC32497C741003AA058 /* Release */ = {
			isa = XCBuildConfiguration;
			buildSettings = {
				ALWAYS_SEARCH_USER_PATHS = NO;
				CLANG_ANALYZER_NONNULL = YES;
				CLANG_ANALYZER_NUMBER_OBJECT_CONVERSION = YES_AGGRESSIVE;
				CLANG_CXX_LANGUAGE_STANDARD = "gnu++14";
				CLANG_CXX_LIBRARY = "libc++";
				CLANG_ENABLE_MODULES = YES;
				CLANG_ENABLE_OBJC_ARC = YES;
				CLANG_ENABLE_OBJC_WEAK = YES;
				CLANG_WARN_BLOCK_CAPTURE_AUTORELEASING = YES;
				CLANG_WARN_BOOL_CONVERSION = YES;
				CLANG_WARN_COMMA = YES;
				CLANG_WARN_CONSTANT_CONVERSION = YES;
				CLANG_WARN_DEPRECATED_OBJC_IMPLEMENTATIONS = YES;
				CLANG_WARN_DIRECT_OBJC_ISA_USAGE = YES_ERROR;
				CLANG_WARN_DOCUMENTATION_COMMENTS = YES;
				CLANG_WARN_EMPTY_BODY = YES;
				CLANG_WARN_ENUM_CONVERSION = YES;
				CLANG_WARN_INFINITE_RECURSION = YES;
				CLANG_WARN_INT_CONVERSION = YES;
				CLANG_WARN_NON_LITERAL_NULL_CONVERSION = YES;
				CLANG_WARN_OBJC_IMPLICIT_RETAIN_SELF = YES;
				CLANG_WARN_OBJC_LITERAL_CONVERSION = YES;
				CLANG_WARN_OBJC_ROOT_CLASS = YES_ERROR;
				CLANG_WARN_RANGE_LOOP_ANALYSIS = YES;
				CLANG_WARN_STRICT_PROTOTYPES = YES;
				CLANG_WARN_SUSPICIOUS_MOVE = YES;
				CLANG_WARN_UNGUARDED_AVAILABILITY = YES_AGGRESSIVE;
				CLANG_WARN_UNREACHABLE_CODE = YES;
				CLANG_WARN__DUPLICATE_METHOD_MATCH = YES;
				COPY_PHASE_STRIP = NO;
				DEBUG_INFORMATION_FORMAT = "dwarf-with-dsym";
				ENABLE_NS_ASSERTIONS = NO;
				ENABLE_STRICT_OBJC_MSGSEND = YES;
				GCC_C_LANGUAGE_STANDARD = gnu11;
				GCC_NO_COMMON_BLOCKS = YES;
				GCC_WARN_64_TO_32_BIT_CONVERSION = YES;
				GCC_WARN_ABOUT_RETURN_TYPE = YES_ERROR;
				GCC_WARN_UNDECLARED_SELECTOR = YES;
				GCC_WARN_UNINITIALIZED_AUTOS = YES_AGGRESSIVE;
				GCC_WARN_UNUSED_FUNCTION = YES;
				GCC_WARN_UNUSED_VARIABLE = YES;
				IPHONEOS_DEPLOYMENT_TARGET = 13.2;
				MTL_ENABLE_DEBUG_INFO = NO;
				MTL_FAST_MATH = YES;
				SDKROOT = iphoneos;
				SWIFT_COMPILATION_MODE = wholemodule;
				SWIFT_OPTIMIZATION_LEVEL = "-O";
				VALIDATE_PRODUCT = YES;
			};
			name = Release;
		};
		CB045EC52497C741003AA058 /* Debug */ = {
			isa = XCBuildConfiguration;
			buildSettings = {
				ASSETCATALOG_COMPILER_APPICON_NAME = AppIcon;
				CODE_SIGN_STYLE = Automatic;
				DEVELOPMENT_TEAM = 7K5PT2A5VQ;
				INFOPLIST_FILE = "mvvm-base/Info.plist";
				IPHONEOS_DEPLOYMENT_TARGET = 12.0;
				LD_RUNPATH_SEARCH_PATHS = (
					"$(inherited)",
					"@executable_path/Frameworks",
				);
				PRODUCT_BUNDLE_IDENTIFIER = "pw.tereshkov.mvvm-base";
				PRODUCT_NAME = "$(TARGET_NAME)";
				SWIFT_VERSION = 5.0;
				TARGETED_DEVICE_FAMILY = "1,2";
			};
			name = Debug;
		};
		CB045EC62497C741003AA058 /* Release */ = {
			isa = XCBuildConfiguration;
			buildSettings = {
				ASSETCATALOG_COMPILER_APPICON_NAME = AppIcon;
				CODE_SIGN_STYLE = Automatic;
				DEVELOPMENT_TEAM = 7K5PT2A5VQ;
				INFOPLIST_FILE = "mvvm-base/Info.plist";
				IPHONEOS_DEPLOYMENT_TARGET = 12.0;
				LD_RUNPATH_SEARCH_PATHS = (
					"$(inherited)",
					"@executable_path/Frameworks",
				);
				PRODUCT_BUNDLE_IDENTIFIER = "pw.tereshkov.mvvm-base";
				PRODUCT_NAME = "$(TARGET_NAME)";
				SWIFT_VERSION = 5.0;
				TARGETED_DEVICE_FAMILY = "1,2";
			};
			name = Release;
		};
		CB045F122497E25B003AA058 /* Debug */ = {
			isa = XCBuildConfiguration;
			buildSettings = {
				BUNDLE_LOADER = "$(TEST_HOST)";
				CLANG_ENABLE_MODULES = YES;
				CODE_SIGN_STYLE = Automatic;
				DEVELOPMENT_TEAM = 7K5PT2A5VQ;
				INFOPLIST_FILE = "mvvm-base-tests/Info.plist";
				LD_RUNPATH_SEARCH_PATHS = (
					"$(inherited)",
					"@executable_path/Frameworks",
					"@loader_path/Frameworks",
				);
				PRODUCT_BUNDLE_IDENTIFIER = "pw.tereshkov.mvvm-base-tests";
				PRODUCT_NAME = "$(TARGET_NAME)";
				SWIFT_OPTIMIZATION_LEVEL = "-Onone";
				SWIFT_VERSION = 5.0;
				TARGETED_DEVICE_FAMILY = "1,2";
				TEST_HOST = "$(BUILT_PRODUCTS_DIR)/mvvm-base.app/mvvm-base";
			};
			name = Debug;
		};
		CB045F132497E25B003AA058 /* Release */ = {
			isa = XCBuildConfiguration;
			buildSettings = {
				BUNDLE_LOADER = "$(TEST_HOST)";
				CLANG_ENABLE_MODULES = YES;
				CODE_SIGN_STYLE = Automatic;
				DEVELOPMENT_TEAM = 7K5PT2A5VQ;
				INFOPLIST_FILE = "mvvm-base-tests/Info.plist";
				LD_RUNPATH_SEARCH_PATHS = (
					"$(inherited)",
					"@executable_path/Frameworks",
					"@loader_path/Frameworks",
				);
				PRODUCT_BUNDLE_IDENTIFIER = "pw.tereshkov.mvvm-base-tests";
				PRODUCT_NAME = "$(TARGET_NAME)";
				SWIFT_VERSION = 5.0;
				TARGETED_DEVICE_FAMILY = "1,2";
				TEST_HOST = "$(BUILT_PRODUCTS_DIR)/mvvm-base.app/mvvm-base";
			};
			name = Release;
		};
/* End XCBuildConfiguration section */

/* Begin XCConfigurationList section */
		CB045EAB2497C740003AA058 /* Build configuration list for PBXProject "mvvm-base" */ = {
			isa = XCConfigurationList;
			buildConfigurations = (
				CB045EC22497C741003AA058 /* Debug */,
				CB045EC32497C741003AA058 /* Release */,
			);
			defaultConfigurationIsVisible = 0;
			defaultConfigurationName = Release;
		};
		CB045EC42497C741003AA058 /* Build configuration list for PBXNativeTarget "mvvm-base" */ = {
			isa = XCConfigurationList;
			buildConfigurations = (
				CB045EC52497C741003AA058 /* Debug */,
				CB045EC62497C741003AA058 /* Release */,
			);
			defaultConfigurationIsVisible = 0;
			defaultConfigurationName = Release;
		};
		CB045F112497E25B003AA058 /* Build configuration list for PBXNativeTarget "mvvm-base-tests" */ = {
			isa = XCConfigurationList;
			buildConfigurations = (
				CB045F122497E25B003AA058 /* Debug */,
				CB045F132497E25B003AA058 /* Release */,
			);
			defaultConfigurationIsVisible = 0;
			defaultConfigurationName = Release;
		};
/* End XCConfigurationList section */
	};
	rootObject = CB045EA82497C740003AA058 /* Project object */;
}
